// !$*UTF8*$!
{
	archiveVersion = 1;
	classes = {
	};
	objectVersion = 46;
	objects = {

/* Begin PBXBuildFile section */
		BC9510DA1DA01D0600C9CA21 /* AppDelegate.swift in Sources */ = {isa = PBXBuildFile; fileRef = BC9510D91DA01D0600C9CA21 /* AppDelegate.swift */; };
		BC9510DC1DA01D0600C9CA21 /* ViewController.swift in Sources */ = {isa = PBXBuildFile; fileRef = BC9510DB1DA01D0600C9CA21 /* ViewController.swift */; };
		BC9510DF1DA01D0600C9CA21 /* Main.storyboard in Resources */ = {isa = PBXBuildFile; fileRef = BC9510DD1DA01D0600C9CA21 /* Main.storyboard */; };
		BC9510E11DA01D0600C9CA21 /* Assets.xcassets in Resources */ = {isa = PBXBuildFile; fileRef = BC9510E01DA01D0600C9CA21 /* Assets.xcassets */; };
		BC9510E41DA01D0600C9CA21 /* LaunchScreen.storyboard in Resources */ = {isa = PBXBuildFile; fileRef = BC9510E21DA01D0600C9CA21 /* LaunchScreen.storyboard */; };
		BC9510EF1DA01D0600C9CA21 /* WHACK_24Tests.swift in Sources */ = {isa = PBXBuildFile; fileRef = BC9510EE1DA01D0600C9CA21 /* WHACK_24Tests.swift */; };
		BC9510FA1DA01D0600C9CA21 /* WHACK_24UITests.swift in Sources */ = {isa = PBXBuildFile; fileRef = BC9510F91DA01D0600C9CA21 /* WHACK_24UITests.swift */; };
		BC9511081DA020EC00C9CA21 /* OpeningScreenViewController.swift in Sources */ = {isa = PBXBuildFile; fileRef = BC9511071DA020EC00C9CA21 /* OpeningScreenViewController.swift */; };
		BC95110E1DA0656F00C9CA21 /* beaconDict.swift in Sources */ = {isa = PBXBuildFile; fileRef = BC95110D1DA0656F00C9CA21 /* beaconDict.swift */; };
		BCB5075A1DA142F9002B2555 /* screen_shot_2016-10-01_at_5.35.28_pm_480.png in Resources */ = {isa = PBXBuildFile; fileRef = BCB507591DA142F9002B2555 /* screen_shot_2016-10-01_at_5.35.28_pm_480.png */; };
/* End PBXBuildFile section */

/* Begin PBXContainerItemProxy section */
		BC9510EB1DA01D0600C9CA21 /* PBXContainerItemProxy */ = {
			isa = PBXContainerItemProxy;
			containerPortal = BC9510CE1DA01D0500C9CA21 /* Project object */;
			proxyType = 1;
			remoteGlobalIDString = BC9510D51DA01D0600C9CA21;
			remoteInfo = "WHACK-24";
		};
		BC9510F61DA01D0600C9CA21 /* PBXContainerItemProxy */ = {
			isa = PBXContainerItemProxy;
			containerPortal = BC9510CE1DA01D0500C9CA21 /* Project object */;
			proxyType = 1;
			remoteGlobalIDString = BC9510D51DA01D0600C9CA21;
			remoteInfo = "WHACK-24";
		};
/* End PBXContainerItemProxy section */

/* Begin PBXFileReference section */
		BC9510D61DA01D0600C9CA21 /* WHACK-24.app */ = {isa = PBXFileReference; explicitFileType = wrapper.application; includeInIndex = 0; path = "WHACK-24.app"; sourceTree = BUILT_PRODUCTS_DIR; };
		BC9510D91DA01D0600C9CA21 /* AppDelegate.swift */ = {isa = PBXFileReference; lastKnownFileType = sourcecode.swift; path = AppDelegate.swift; sourceTree = "<group>"; };
		BC9510DB1DA01D0600C9CA21 /* ViewController.swift */ = {isa = PBXFileReference; lastKnownFileType = sourcecode.swift; path = ViewController.swift; sourceTree = "<group>"; };
		BC9510DE1DA01D0600C9CA21 /* Base */ = {isa = PBXFileReference; lastKnownFileType = file.storyboard; name = Base; path = Base.lproj/Main.storyboard; sourceTree = "<group>"; };
		BC9510E01DA01D0600C9CA21 /* Assets.xcassets */ = {isa = PBXFileReference; lastKnownFileType = folder.assetcatalog; path = Assets.xcassets; sourceTree = "<group>"; };
		BC9510E31DA01D0600C9CA21 /* Base */ = {isa = PBXFileReference; lastKnownFileType = file.storyboard; name = Base; path = Base.lproj/LaunchScreen.storyboard; sourceTree = "<group>"; };
		BC9510E51DA01D0600C9CA21 /* Info.plist */ = {isa = PBXFileReference; lastKnownFileType = text.plist.xml; path = Info.plist; sourceTree = "<group>"; };
		BC9510EA1DA01D0600C9CA21 /* WHACK-24Tests.xctest */ = {isa = PBXFileReference; explicitFileType = wrapper.cfbundle; includeInIndex = 0; path = "WHACK-24Tests.xctest"; sourceTree = BUILT_PRODUCTS_DIR; };
		BC9510EE1DA01D0600C9CA21 /* WHACK_24Tests.swift */ = {isa = PBXFileReference; lastKnownFileType = sourcecode.swift; path = WHACK_24Tests.swift; sourceTree = "<group>"; };
		BC9510F01DA01D0600C9CA21 /* Info.plist */ = {isa = PBXFileReference; lastKnownFileType = text.plist.xml; path = Info.plist; sourceTree = "<group>"; };
		BC9510F51DA01D0600C9CA21 /* WHACK-24UITests.xctest */ = {isa = PBXFileReference; explicitFileType = wrapper.cfbundle; includeInIndex = 0; path = "WHACK-24UITests.xctest"; sourceTree = BUILT_PRODUCTS_DIR; };
		BC9510F91DA01D0600C9CA21 /* WHACK_24UITests.swift */ = {isa = PBXFileReference; lastKnownFileType = sourcecode.swift; path = WHACK_24UITests.swift; sourceTree = "<group>"; };
		BC9510FB1DA01D0600C9CA21 /* Info.plist */ = {isa = PBXFileReference; lastKnownFileType = text.plist.xml; path = Info.plist; sourceTree = "<group>"; };
		BC9511071DA020EC00C9CA21 /* OpeningScreenViewController.swift */ = {isa = PBXFileReference; fileEncoding = 4; lastKnownFileType = sourcecode.swift; path = OpeningScreenViewController.swift; sourceTree = "<group>"; };
		BC95110D1DA0656F00C9CA21 /* beaconDict.swift */ = {isa = PBXFileReference; fileEncoding = 4; lastKnownFileType = sourcecode.swift; path = beaconDict.swift; sourceTree = "<group>"; };
		BCB507591DA142F9002B2555 /* screen_shot_2016-10-01_at_5.35.28_pm_480.png */ = {isa = PBXFileReference; lastKnownFileType = image.png; name = "screen_shot_2016-10-01_at_5.35.28_pm_480.png"; path = "media/screen_shot_2016-10-01_at_5.35.28_pm_480.png"; sourceTree = "<group>"; };
/* End PBXFileReference section */

/* Begin PBXFrameworksBuildPhase section */
		BC9510D31DA01D0600C9CA21 /* Frameworks */ = {
			isa = PBXFrameworksBuildPhase;
			buildActionMask = 2147483647;
			files = (
			);
			runOnlyForDeploymentPostprocessing = 0;
		};
		BC9510E71DA01D0600C9CA21 /* Frameworks */ = {
			isa = PBXFrameworksBuildPhase;
			buildActionMask = 2147483647;
			files = (
			);
			runOnlyForDeploymentPostprocessing = 0;
		};
		BC9510F21DA01D0600C9CA21 /* Frameworks */ = {
			isa = PBXFrameworksBuildPhase;
			buildActionMask = 2147483647;
			files = (
			);
			runOnlyForDeploymentPostprocessing = 0;
		};
/* End PBXFrameworksBuildPhase section */

/* Begin PBXGroup section */
		BC9510CD1DA01D0500C9CA21 = {
			isa = PBXGroup;
			children = (
				BC9510D81DA01D0600C9CA21 /* WHACK-24 */,
				BC9510ED1DA01D0600C9CA21 /* WHACK-24Tests */,
				BC9510F81DA01D0600C9CA21 /* WHACK-24UITests */,
				BC9510D71DA01D0600C9CA21 /* Products */,
			);
			sourceTree = "<group>";
		};
		BC9510D71DA01D0600C9CA21 /* Products */ = {
			isa = PBXGroup;
			children = (
				BC9510D61DA01D0600C9CA21 /* WHACK-24.app */,
				BC9510EA1DA01D0600C9CA21 /* WHACK-24Tests.xctest */,
				BC9510F51DA01D0600C9CA21 /* WHACK-24UITests.xctest */,
			);
			name = Products;
			sourceTree = "<group>";
		};
		BC9510D81DA01D0600C9CA21 /* WHACK-24 */ = {
			isa = PBXGroup;
			children = (
				BC95110F1DA06DFE00C9CA21 /* Supporting Files */,
				BC9510DD1DA01D0600C9CA21 /* Main.storyboard */,
				BC95110D1DA0656F00C9CA21 /* beaconDict.swift */,
				BC9511071DA020EC00C9CA21 /* OpeningScreenViewController.swift */,
			);
			path = "WHACK-24";
			sourceTree = "<group>";
		};
		BC9510ED1DA01D0600C9CA21 /* WHACK-24Tests */ = {
			isa = PBXGroup;
			children = (
				BC9510EE1DA01D0600C9CA21 /* WHACK_24Tests.swift */,
				BC9510F01DA01D0600C9CA21 /* Info.plist */,
			);
			path = "WHACK-24Tests";
			sourceTree = "<group>";
		};
		BC9510F81DA01D0600C9CA21 /* WHACK-24UITests */ = {
			isa = PBXGroup;
			children = (
				BC9510F91DA01D0600C9CA21 /* WHACK_24UITests.swift */,
				BC9510FB1DA01D0600C9CA21 /* Info.plist */,
			);
			path = "WHACK-24UITests";
			sourceTree = "<group>";
		};
		BC95110F1DA06DFE00C9CA21 /* Supporting Files */ = {
			isa = PBXGroup;
			children = (
				BC9511101DA086CB00C9CA21 /* Media */,
				BC9510D91DA01D0600C9CA21 /* AppDelegate.swift */,
				BC9510DB1DA01D0600C9CA21 /* ViewController.swift */,
				BC9510E01DA01D0600C9CA21 /* Assets.xcassets */,
				BC9510E21DA01D0600C9CA21 /* LaunchScreen.storyboard */,
				BC9510E51DA01D0600C9CA21 /* Info.plist */,
			);
			name = "Supporting Files";
			sourceTree = "<group>";
		};
		BC9511101DA086CB00C9CA21 /* Media */ = {
			isa = PBXGroup;
			children = (
				BCB507591DA142F9002B2555 /* screen_shot_2016-10-01_at_5.35.28_pm_480.png */,
			);
			name = Media;
			sourceTree = "<group>";
		};
/* End PBXGroup section */

/* Begin PBXNativeTarget section */
		BC9510D51DA01D0600C9CA21 /* WHACK-24 */ = {
			isa = PBXNativeTarget;
			buildConfigurationList = BC9510FE1DA01D0600C9CA21 /* Build configuration list for PBXNativeTarget "WHACK-24" */;
			buildPhases = (
				BC9510D21DA01D0600C9CA21 /* Sources */,
				BC9510D31DA01D0600C9CA21 /* Frameworks */,
				BC9510D41DA01D0600C9CA21 /* Resources */,
			);
			buildRules = (
			);
			dependencies = (
			);
			name = "WHACK-24";
			productName = "WHACK-24";
			productReference = BC9510D61DA01D0600C9CA21 /* WHACK-24.app */;
			productType = "com.apple.product-type.application";
		};
		BC9510E91DA01D0600C9CA21 /* WHACK-24Tests */ = {
			isa = PBXNativeTarget;
			buildConfigurationList = BC9511011DA01D0600C9CA21 /* Build configuration list for PBXNativeTarget "WHACK-24Tests" */;
			buildPhases = (
				BC9510E61DA01D0600C9CA21 /* Sources */,
				BC9510E71DA01D0600C9CA21 /* Frameworks */,
				BC9510E81DA01D0600C9CA21 /* Resources */,
			);
			buildRules = (
			);
			dependencies = (
				BC9510EC1DA01D0600C9CA21 /* PBXTargetDependency */,
			);
			name = "WHACK-24Tests";
			productName = "WHACK-24Tests";
			productReference = BC9510EA1DA01D0600C9CA21 /* WHACK-24Tests.xctest */;
			productType = "com.apple.product-type.bundle.unit-test";
		};
		BC9510F41DA01D0600C9CA21 /* WHACK-24UITests */ = {
			isa = PBXNativeTarget;
			buildConfigurationList = BC9511041DA01D0600C9CA21 /* Build configuration list for PBXNativeTarget "WHACK-24UITests" */;
			buildPhases = (
				BC9510F11DA01D0600C9CA21 /* Sources */,
				BC9510F21DA01D0600C9CA21 /* Frameworks */,
				BC9510F31DA01D0600C9CA21 /* Resources */,
			);
			buildRules = (
			);
			dependencies = (
				BC9510F71DA01D0600C9CA21 /* PBXTargetDependency */,
			);
			name = "WHACK-24UITests";
			productName = "WHACK-24UITests";
			productReference = BC9510F51DA01D0600C9CA21 /* WHACK-24UITests.xctest */;
			productType = "com.apple.product-type.bundle.ui-testing";
		};
/* End PBXNativeTarget section */

/* Begin PBXProject section */
		BC9510CE1DA01D0500C9CA21 /* Project object */ = {
			isa = PBXProject;
			attributes = {
				LastSwiftUpdateCheck = 0730;
				LastUpgradeCheck = 0730;
				ORGANIZATIONNAME = "Claire Beyette";
				TargetAttributes = {
					BC9510D51DA01D0600C9CA21 = {
						CreatedOnToolsVersion = 7.3.1;
						DevelopmentTeam = SGZATHMC86;
					};
					BC9510E91DA01D0600C9CA21 = {
						CreatedOnToolsVersion = 7.3.1;
						TestTargetID = BC9510D51DA01D0600C9CA21;
					};
					BC9510F41DA01D0600C9CA21 = {
						CreatedOnToolsVersion = 7.3.1;
						TestTargetID = BC9510D51DA01D0600C9CA21;
					};
				};
			};
			buildConfigurationList = BC9510D11DA01D0600C9CA21 /* Build configuration list for PBXProject "WHACK-24" */;
			compatibilityVersion = "Xcode 3.2";
			developmentRegion = English;
			hasScannedForEncodings = 0;
			knownRegions = (
				en,
				Base,
			);
			mainGroup = BC9510CD1DA01D0500C9CA21;
			productRefGroup = BC9510D71DA01D0600C9CA21 /* Products */;
			projectDirPath = "";
			projectRoot = "";
			targets = (
				BC9510D51DA01D0600C9CA21 /* WHACK-24 */,
				BC9510E91DA01D0600C9CA21 /* WHACK-24Tests */,
				BC9510F41DA01D0600C9CA21 /* WHACK-24UITests */,
			);
		};
/* End PBXProject section */

/* Begin PBXResourcesBuildPhase section */
		BC9510D41DA01D0600C9CA21 /* Resources */ = {
			isa = PBXResourcesBuildPhase;
			buildActionMask = 2147483647;
			files = (
				BC9510E41DA01D0600C9CA21 /* LaunchScreen.storyboard in Resources */,
				BCB5075A1DA142F9002B2555 /* screen_shot_2016-10-01_at_5.35.28_pm_480.png in Resources */,
				BC9510E11DA01D0600C9CA21 /* Assets.xcassets in Resources */,
				BC9510DF1DA01D0600C9CA21 /* Main.storyboard in Resources */,
			);
			runOnlyForDeploymentPostprocessing = 0;
		};
		BC9510E81DA01D0600C9CA21 /* Resources */ = {
			isa = PBXResourcesBuildPhase;
			buildActionMask = 2147483647;
			files = (
			);
			runOnlyForDeploymentPostprocessing = 0;
		};
		BC9510F31DA01D0600C9CA21 /* Resources */ = {
			isa = PBXResourcesBuildPhase;
			buildActionMask = 2147483647;
			files = (
			);
			runOnlyForDeploymentPostprocessing = 0;
		};
/* End PBXResourcesBuildPhase section */

/* Begin PBXSourcesBuildPhase section */
		BC9510D21DA01D0600C9CA21 /* Sources */ = {
			isa = PBXSourcesBuildPhase;
			buildActionMask = 2147483647;
			files = (
				BC9511081DA020EC00C9CA21 /* OpeningScreenViewController.swift in Sources */,
				BC9510DC1DA01D0600C9CA21 /* ViewController.swift in Sources */,
				BC9510DA1DA01D0600C9CA21 /* AppDelegate.swift in Sources */,
				BC95110E1DA0656F00C9CA21 /* beaconDict.swift in Sources */,
			);
			runOnlyForDeploymentPostprocessing = 0;
		};
		BC9510E61DA01D0600C9CA21 /* Sources */ = {
			isa = PBXSourcesBuildPhase;
			buildActionMask = 2147483647;
			files = (
				BC9510EF1DA01D0600C9CA21 /* WHACK_24Tests.swift in Sources */,
			);
			runOnlyForDeploymentPostprocessing = 0;
		};
		BC9510F11DA01D0600C9CA21 /* Sources */ = {
			isa = PBXSourcesBuildPhase;
			buildActionMask = 2147483647;
			files = (
				BC9510FA1DA01D0600C9CA21 /* WHACK_24UITests.swift in Sources */,
			);
			runOnlyForDeploymentPostprocessing = 0;
		};
/* End PBXSourcesBuildPhase section */

/* Begin PBXTargetDependency section */
		BC9510EC1DA01D0600C9CA21 /* PBXTargetDependency */ = {
			isa = PBXTargetDependency;
			target = BC9510D51DA01D0600C9CA21 /* WHACK-24 */;
			targetProxy = BC9510EB1DA01D0600C9CA21 /* PBXContainerItemProxy */;
		};
		BC9510F71DA01D0600C9CA21 /* PBXTargetDependency */ = {
			isa = PBXTargetDependency;
			target = BC9510D51DA01D0600C9CA21 /* WHACK-24 */;
			targetProxy = BC9510F61DA01D0600C9CA21 /* PBXContainerItemProxy */;
		};
/* End PBXTargetDependency section */

/* Begin PBXVariantGroup section */
		BC9510DD1DA01D0600C9CA21 /* Main.storyboard */ = {
			isa = PBXVariantGroup;
			children = (
				BC9510DE1DA01D0600C9CA21 /* Base */,
			);
			name = Main.storyboard;
			sourceTree = "<group>";
		};
		BC9510E21DA01D0600C9CA21 /* LaunchScreen.storyboard */ = {
			isa = PBXVariantGroup;
			children = (
				BC9510E31DA01D0600C9CA21 /* Base */,
			);
			name = LaunchScreen.storyboard;
			sourceTree = "<group>";
		};
/* End PBXVariantGroup section */

/* Begin XCBuildConfiguration section */
		BC9510FC1DA01D0600C9CA21 /* Debug */ = {
			isa = XCBuildConfiguration;
			buildSettings = {
				ALWAYS_SEARCH_USER_PATHS = NO;
				CLANG_ANALYZER_NONNULL = YES;
				CLANG_CXX_LANGUAGE_STANDARD = "gnu++0x";
				CLANG_CXX_LIBRARY = "libc++";
				CLANG_ENABLE_MODULES = YES;
				CLANG_ENABLE_OBJC_ARC = YES;
				CLANG_WARN_BOOL_CONVERSION = YES;
				CLANG_WARN_CONSTANT_CONVERSION = YES;
				CLANG_WARN_DIRECT_OBJC_ISA_USAGE = YES_ERROR;
				CLANG_WARN_EMPTY_BODY = YES;
				CLANG_WARN_ENUM_CONVERSION = YES;
				CLANG_WARN_INT_CONVERSION = YES;
				CLANG_WARN_OBJC_ROOT_CLASS = YES_ERROR;
				CLANG_WARN_UNREACHABLE_CODE = YES;
				CLANG_WARN__DUPLICATE_METHOD_MATCH = YES;
				"CODE_SIGN_IDENTITY[sdk=iphoneos*]" = "iPhone Developer";
				COPY_PHASE_STRIP = NO;
				DEBUG_INFORMATION_FORMAT = dwarf;
				ENABLE_STRICT_OBJC_MSGSEND = YES;
				ENABLE_TESTABILITY = YES;
				GCC_C_LANGUAGE_STANDARD = gnu99;
				GCC_DYNAMIC_NO_PIC = NO;
				GCC_NO_COMMON_BLOCKS = YES;
				GCC_OPTIMIZATION_LEVEL = 0;
				GCC_PREPROCESSOR_DEFINITIONS = (
					"DEBUG=1",
					"$(inherited)",
				);
				GCC_WARN_64_TO_32_BIT_CONVERSION = YES;
				GCC_WARN_ABOUT_RETURN_TYPE = YES_ERROR;
				GCC_WARN_UNDECLARED_SELECTOR = YES;
				GCC_WARN_UNINITIALIZED_AUTOS = YES_AGGRESSIVE;
				GCC_WARN_UNUSED_FUNCTION = YES;
				GCC_WARN_UNUSED_VARIABLE = YES;
				IPHONEOS_DEPLOYMENT_TARGET = 9.3;
				MTL_ENABLE_DEBUG_INFO = YES;
				ONLY_ACTIVE_ARCH = YES;
				SDKROOT = iphoneos;
				SWIFT_OPTIMIZATION_LEVEL = "-Onone";
				TARGETED_DEVICE_FAMILY = "1,2";
			};
			name = Debug;
		};
		BC9510FD1DA01D0600C9CA21 /* Release */ = {
			isa = XCBuildConfiguration;
			buildSettings = {
				ALWAYS_SEARCH_USER_PATHS = NO;
				CLANG_ANALYZER_NONNULL = YES;
				CLANG_CXX_LANGUAGE_STANDARD = "gnu++0x";
				CLANG_CXX_LIBRARY = "libc++";
				CLANG_ENABLE_MODULES = YES;
				CLANG_ENABLE_OBJC_ARC = YES;
				CLANG_WARN_BOOL_CONVERSION = YES;
				CLANG_WARN_CONSTANT_CONVERSION = YES;
				CLANG_WARN_DIRECT_OBJC_ISA_USAGE = YES_ERROR;
				CLANG_WARN_EMPTY_BODY = YES;
				CLANG_WARN_ENUM_CONVERSION = YES;
				CLANG_WARN_INT_CONVERSION = YES;
				CLANG_WARN_OBJC_ROOT_CLASS = YES_ERROR;
				CLANG_WARN_UNREACHABLE_CODE = YES;
				CLANG_WARN__DUPLICATE_METHOD_MATCH = YES;
				"CODE_SIGN_IDENTITY[sdk=iphoneos*]" = "iPhone Developer";
				COPY_PHASE_STRIP = NO;
				DEBUG_INFORMATION_FORMAT = "dwarf-with-dsym";
				ENABLE_NS_ASSERTIONS = NO;
				ENABLE_STRICT_OBJC_MSGSEND = YES;
				GCC_C_LANGUAGE_STANDARD = gnu99;
				GCC_NO_COMMON_BLOCKS = YES;
				GCC_WARN_64_TO_32_BIT_CONVERSION = YES;
				GCC_WARN_ABOUT_RETURN_TYPE = YES_ERROR;
				GCC_WARN_UNDECLARED_SELECTOR = YES;
				GCC_WARN_UNINITIALIZED_AUTOS = YES_AGGRESSIVE;
				GCC_WARN_UNUSED_FUNCTION = YES;
				GCC_WARN_UNUSED_VARIABLE = YES;
				IPHONEOS_DEPLOYMENT_TARGET = 9.3;
				MTL_ENABLE_DEBUG_INFO = NO;
				SDKROOT = iphoneos;
				TARGETED_DEVICE_FAMILY = "1,2";
				VALIDATE_PRODUCT = YES;
			};
			name = Release;
		};
		BC9510FF1DA01D0600C9CA21 /* Debug */ = {
			isa = XCBuildConfiguration;
			buildSettings = {
				ASSETCATALOG_COMPILER_APPICON_NAME = AppIcon;
				CODE_SIGN_IDENTITY = "iPhone Developer";
				"CODE_SIGN_IDENTITY[sdk=iphoneos*]" = "iPhone Developer";
				DEVELOPMENT_TEAM = SGZATHMC86;
				INFOPLIST_FILE = "WHACK-24/Info.plist";
				LD_RUNPATH_SEARCH_PATHS = "$(inherited) @executable_path/Frameworks";
				PRODUCT_BUNDLE_IDENTIFIER = "org.awkward.WHACK-24";
				PRODUCT_NAME = "$(TARGET_NAME)";
				PROVISIONING_PROFILE = "";
				SWIFT_VERSION = 2.3;
			};
			name = Debug;
		};
		BC9511001DA01D0600C9CA21 /* Release */ = {
			isa = XCBuildConfiguration;
			buildSettings = {
				ASSETCATALOG_COMPILER_APPICON_NAME = AppIcon;
				CODE_SIGN_IDENTITY = "iPhone Developer";
				"CODE_SIGN_IDENTITY[sdk=iphoneos*]" = "iPhone Developer";
				DEVELOPMENT_TEAM = SGZATHMC86;
				INFOPLIST_FILE = "WHACK-24/Info.plist";
				LD_RUNPATH_SEARCH_PATHS = "$(inherited) @executable_path/Frameworks";
				PRODUCT_BUNDLE_IDENTIFIER = "org.awkward.WHACK-24";
				PRODUCT_NAME = "$(TARGET_NAME)";
				PROVISIONING_PROFILE = "";
				SWIFT_VERSION = 2.3;
			};
			name = Release;
		};
		BC9511021DA01D0600C9CA21 /* Debug */ = {
			isa = XCBuildConfiguration;
			buildSettings = {
				BUNDLE_LOADER = "$(TEST_HOST)";
				INFOPLIST_FILE = "WHACK-24Tests/Info.plist";
				LD_RUNPATH_SEARCH_PATHS = "$(inherited) @executable_path/Frameworks @loader_path/Frameworks";
				PRODUCT_BUNDLE_IDENTIFIER = "CB.uc.edu.WHACK-24Tests";
				PRODUCT_NAME = "$(TARGET_NAME)";
				TEST_HOST = "$(BUILT_PRODUCTS_DIR)/WHACK-24.app/WHACK-24";
			};
			name = Debug;
		};
		BC9511031DA01D0600C9CA21 /* Release */ = {
			isa = XCBuildConfiguration;
			buildSettings = {
				BUNDLE_LOADER = "$(TEST_HOST)";
				INFOPLIST_FILE = "WHACK-24Tests/Info.plist";
				LD_RUNPATH_SEARCH_PATHS = "$(inherited) @executable_path/Frameworks @loader_path/Frameworks";
				PRODUCT_BUNDLE_IDENTIFIER = "CB.uc.edu.WHACK-24Tests";
				PRODUCT_NAME = "$(TARGET_NAME)";
				TEST_HOST = "$(BUILT_PRODUCTS_DIR)/WHACK-24.app/WHACK-24";
			};
			name = Release;
		};
		BC9511051DA01D0600C9CA21 /* Debug */ = {
			isa = XCBuildConfiguration;
			buildSettings = {
				INFOPLIST_FILE = "WHACK-24UITests/Info.plist";
				LD_RUNPATH_SEARCH_PATHS = "$(inherited) @executable_path/Frameworks @loader_path/Frameworks";
				PRODUCT_BUNDLE_IDENTIFIER = "CB.uc.edu.WHACK-24UITests";
				PRODUCT_NAME = "$(TARGET_NAME)";
				TEST_TARGET_NAME = "WHACK-24";
			};
			name = Debug;
		};
		BC9511061DA01D0600C9CA21 /* Release */ = {
			isa = XCBuildConfiguration;
			buildSettings = {
				INFOPLIST_FILE = "WHACK-24UITests/Info.plist";
				LD_RUNPATH_SEARCH_PATHS = "$(inherited) @executable_path/Frameworks @loader_path/Frameworks";
				PRODUCT_BUNDLE_IDENTIFIER = "CB.uc.edu.WHACK-24UITests";
				PRODUCT_NAME = "$(TARGET_NAME)";
				TEST_TARGET_NAME = "WHACK-24";
			};
			name = Release;
		};
/* End XCBuildConfiguration section */

/* Begin XCConfigurationList section */
		BC9510D11DA01D0600C9CA21 /* Build configuration list for PBXProject "WHACK-24" */ = {
			isa = XCConfigurationList;
			buildConfigurations = (
				BC9510FC1DA01D0600C9CA21 /* Debug */,
				BC9510FD1DA01D0600C9CA21 /* Release */,
			);
			defaultConfigurationIsVisible = 0;
			defaultConfigurationName = Release;
		};
		BC9510FE1DA01D0600C9CA21 /* Build configuration list for PBXNativeTarget "WHACK-24" */ = {
			isa = XCConfigurationList;
			buildConfigurations = (
				BC9510FF1DA01D0600C9CA21 /* Debug */,
				BC9511001DA01D0600C9CA21 /* Release */,
			);
			defaultConfigurationIsVisible = 0;
			defaultConfigurationName = Release;
		};
		BC9511011DA01D0600C9CA21 /* Build configuration list for PBXNativeTarget "WHACK-24Tests" */ = {
			isa = XCConfigurationList;
			buildConfigurations = (
				BC9511021DA01D0600C9CA21 /* Debug */,
				BC9511031DA01D0600C9CA21 /* Release */,
			);
			defaultConfigurationIsVisible = 0;
			defaultConfigurationName = Release;
		};
		BC9511041DA01D0600C9CA21 /* Build configuration list for PBXNativeTarget "WHACK-24UITests" */ = {
			isa = XCConfigurationList;
			buildConfigurations = (
				BC9511051DA01D0600C9CA21 /* Debug */,
				BC9511061DA01D0600C9CA21 /* Release */,
			);
			defaultConfigurationIsVisible = 0;
			defaultConfigurationName = Release;
		};
/* End XCConfigurationList section */
	};
	rootObject = BC9510CE1DA01D0500C9CA21 /* Project object */;
}
